
Microsoft Visual Studio Solution File, Format Version 12.00
# Visual Studio Version 16
VisualStudioVersion = 16.0.31605.320
MinimumVisualStudioVersion = 10.0.40219.1
Project("{9A19103F-16F7-4668-BE54-9A1E7A4F7556}") = "NLayerProjectBestPratices.API", "NLayerProjectBestPratices.API\NLayerProjectBestPratices.API.csproj", "{B0AC82C3-C938-44AE-9069-B3EB912B785C}"
EndProject
Project("{9A19103F-16F7-4668-BE54-9A1E7A4F7556}") = "NLayerProjectBestPratices.Core", "NLayerProjectBestPratices.Core\NLayerProjectBestPratices.Core.csproj", "{843A7D2D-9FB6-4DC9-B720-1866A7180124}"
EndProject
Project("{9A19103F-16F7-4668-BE54-9A1E7A4F7556}") = "NLayerProjectBestPratices.Data", "NLayerProjectBestPratices.Data\NLayerProjectBestPratices.Data.csproj", "{F2F5FA69-D935-4CDE-9011-61C92570201C}"
EndProject
Project("{9A19103F-16F7-4668-BE54-9A1E7A4F7556}") = "NLayerProjectBestPratices.Service", "NLayerProjectBestPratices.Service\NLayerProjectBestPratices.Service.csproj", "{5F317198-73D3-46EF-A634-18B2CA9CA09C}"
EndProject
Project("{FAE04EC0-301F-11D3-BF4B-00C04F79EFBC}") = "NLayerProjectBestPratices.Web", "NLayerProjectBestPratices.Web\NLayerProjectBestPratices.Web.csproj", "{3891B43E-3B9F-41D0-9EAE-E2009CB3E951}"
EndProject
Global
	GlobalSection(SolutionConfigurationPlatforms) = preSolution
		Debug|Any CPU = Debug|Any CPU
		Release|Any CPU = Release|Any CPU
	EndGlobalSection
	GlobalSection(ProjectConfigurationPlatforms) = postSolution
		{B0AC82C3-C938-44AE-9069-B3EB912B785C}.Debug|Any CPU.ActiveCfg = Debug|Any CPU
		{B0AC82C3-C938-44AE-9069-B3EB912B785C}.Debug|Any CPU.Build.0 = Debug|Any CPU
		{B0AC82C3-C938-44AE-9069-B3EB912B785C}.Release|Any CPU.ActiveCfg = Release|Any CPU
		{B0AC82C3-C938-44AE-9069-B3EB912B785C}.Release|Any CPU.Build.0 = Release|Any CPU
		{843A7D2D-9FB6-4DC9-B720-1866A7180124}.Debug|Any CPU.ActiveCfg = Debug|Any CPU
		{843A7D2D-9FB6-4DC9-B720-1866A7180124}.Debug|Any CPU.Build.0 = Debug|Any CPU
		{843A7D2D-9FB6-4DC9-B720-1866A7180124}.Release|Any CPU.ActiveCfg = Release|Any CPU
		{843A7D2D-9FB6-4DC9-B720-1866A7180124}.Release|Any CPU.Build.0 = Release|Any CPU
		{F2F5FA69-D935-4CDE-9011-61C92570201C}.Debug|Any CPU.ActiveCfg = Debug|Any CPU
		{F2F5FA69-D935-4CDE-9011-61C92570201C}.Debug|Any CPU.Build.0 = Debug|Any CPU
		{F2F5FA69-D935-4CDE-9011-61C92570201C}.Release|Any CPU.ActiveCfg = Release|Any CPU
		{F2F5FA69-D935-4CDE-9011-61C92570201C}.Release|Any CPU.Build.0 = Release|Any CPU
		{5F317198-73D3-46EF-A634-18B2CA9CA09C}.Debug|Any CPU.ActiveCfg = Debug|Any CPU
		{5F317198-73D3-46EF-A634-18B2CA9CA09C}.Debug|Any CPU.Build.0 = Debug|Any CPU
		{5F317198-73D3-46EF-A634-18B2CA9CA09C}.Release|Any CPU.ActiveCfg = Release|Any CPU
		{5F317198-73D3-46EF-A634-18B2CA9CA09C}.Release|Any CPU.Build.0 = Release|Any CPU
		{3891B43E-3B9F-41D0-9EAE-E2009CB3E951}.Debug|Any CPU.ActiveCfg = Debug|Any CPU
		{3891B43E-3B9F-41D0-9EAE-E2009CB3E951}.Debug|Any CPU.Build.0 = Debug|Any CPU
		{3891B43E-3B9F-41D0-9EAE-E2009CB3E951}.Release|Any CPU.ActiveCfg = Release|Any CPU
		{3891B43E-3B9F-41D0-9EAE-E2009CB3E951}.Release|Any CPU.Build.0 = Release|Any CPU
	EndGlobalSection
	GlobalSection(SolutionProperties) = preSolution
		HideSolutionNode = FALSE
	EndGlobalSection
	GlobalSection(ExtensibilityGlobals) = postSolution
		SolutionGuid = {309773DA-F912-43CC-8BA7-3A17E61474AC}
	EndGlobalSection
EndGlobal
